
Microsoft Visual Studio Solution File, Format Version 12.00
# Visual Studio Version 16
VisualStudioVersion = 16.0.30503.244
MinimumVisualStudioVersion = 10.0.40219.1
Project("{9A19103F-16F7-4668-BE54-9A1E7A4F7556}") = "WebAPI", "WebAPI.csproj", "{A401A683-3AF3-4E36-8B02-E84E8A034802}"
EndProject
Project("{FAE04EC0-301F-11D3-BF4B-00C04F79EFBC}") = "WebAPI.Tests", "WebAPI.Tests\WebAPI.Tests.csproj", "{96F63156-671F-40E7-8419-504FB600F162}"
EndProject
Global
	GlobalSection(SolutionConfigurationPlatforms) = preSolution
		Debug|Any CPU = Debug|Any CPU
		Release|Any CPU = Release|Any CPU
	EndGlobalSection
	GlobalSection(ProjectConfigurationPlatforms) = postSolution
		{A401A683-3AF3-4E36-8B02-E84E8A034802}.Debug|Any CPU.ActiveCfg = Debug|Any CPU
		{A401A683-3AF3-4E36-8B02-E84E8A034802}.Debug|Any CPU.Build.0 = Debug|Any CPU
		{A401A683-3AF3-4E36-8B02-E84E8A034802}.Release|Any CPU.ActiveCfg = Release|Any CPU
		{A401A683-3AF3-4E36-8B02-E84E8A034802}.Release|Any CPU.Build.0 = Release|Any CPU
		{96F63156-671F-40E7-8419-504FB600F162}.Debug|Any CPU.ActiveCfg = Debug|Any CPU
		{96F63156-671F-40E7-8419-504FB600F162}.Debug|Any CPU.Build.0 = Debug|Any CPU
		{96F63156-671F-40E7-8419-504FB600F162}.Release|Any CPU.ActiveCfg = Release|Any CPU
		{96F63156-671F-40E7-8419-504FB600F162}.Release|Any CPU.Build.0 = Release|Any CPU
	EndGlobalSection
	GlobalSection(SolutionProperties) = preSolution
		HideSolutionNode = FALSE
	EndGlobalSection
	GlobalSection(ExtensibilityGlobals) = postSolution
		SolutionGuid = {D50A1911-09F0-4244-999B-349DA7FC39F9}
	EndGlobalSection
EndGlobal
